
Microsoft Visual Studio Solution File, Format Version 12.00
# Visual Studio Version 16
VisualStudioVersion = 16.0.29009.5
MinimumVisualStudioVersion = 10.0.40219.1
Project("{FAE04EC0-301F-11D3-BF4B-00C04F79EFBC}") = "Microsoft.Azure.Management.Storage", "Microsoft.Azure.Management.Storage\Microsoft.Azure.Management.Storage.csproj", "{925C027C-4642-4CB7-B176-91C0AE11E8C4}"
EndProject
Project("{FAE04EC0-301F-11D3-BF4B-00C04F79EFBC}") = "ExampleConsoleApp", "ExampleConsoleApp\ExampleConsoleApp.csproj", "{CA609758-FB98-44B8-BBEC-51B1F37B8AFA}"
EndProject
Global
	GlobalSection(SolutionConfigurationPlatforms) = preSolution
		Debug|Any CPU = Debug|Any CPU
		Release|Any CPU = Release|Any CPU
	EndGlobalSection
	GlobalSection(ProjectConfigurationPlatforms) = postSolution
		{925C027C-4642-4CB7-B176-91C0AE11E8C4}.Debug|Any CPU.ActiveCfg = Debug|Any CPU
		{925C027C-4642-4CB7-B176-91C0AE11E8C4}.Debug|Any CPU.Build.0 = Debug|Any CPU
		{925C027C-4642-4CB7-B176-91C0AE11E8C4}.Release|Any CPU.ActiveCfg = Release|Any CPU
		{925C027C-4642-4CB7-B176-91C0AE11E8C4}.Release|Any CPU.Build.0 = Release|Any CPU
		{CA609758-FB98-44B8-BBEC-51B1F37B8AFA}.Debug|Any CPU.ActiveCfg = Debug|Any CPU
		{CA609758-FB98-44B8-BBEC-51B1F37B8AFA}.Debug|Any CPU.Build.0 = Debug|Any CPU
		{CA609758-FB98-44B8-BBEC-51B1F37B8AFA}.Release|Any CPU.ActiveCfg = Release|Any CPU
		{CA609758-FB98-44B8-BBEC-51B1F37B8AFA}.Release|Any CPU.Build.0 = Release|Any CPU
	EndGlobalSection
	GlobalSection(SolutionProperties) = preSolution
		HideSolutionNode = FALSE
	EndGlobalSection
	GlobalSection(ExtensibilityGlobals) = postSolution
		SolutionGuid = {F47CA24B-60A4-4D52-8F76-F8135C2F0DDD}
	EndGlobalSection
EndGlobal
